
Microsoft Visual Studio Solution File, Format Version 12.00
# Visual Studio 2012
Project("{FAE04EC0-301F-11D3-BF4B-00C04F79EFBC}") = "iTextDemo", "iTextDemo\iTextDemo.csproj", "{EBA22879-066E-4E47-9B90-41A78E6B7B67}"
EndProject
Global
	GlobalSection(SolutionConfigurationPlatforms) = preSolution
		Debug|Any CPU = Debug|Any CPU
		Release|Any CPU = Release|Any CPU
	EndGlobalSection
	GlobalSection(ProjectConfigurationPlatforms) = postSolution
		{EBA22879-066E-4E47-9B90-41A78E6B7B67}.Debug|Any CPU.ActiveCfg = Debug|Any CPU
		{EBA22879-066E-4E47-9B90-41A78E6B7B67}.Debug|Any CPU.Build.0 = Debug|Any CPU
		{EBA22879-066E-4E47-9B90-41A78E6B7B67}.Release|Any CPU.ActiveCfg = Release|Any CPU
		{EBA22879-066E-4E47-9B90-41A78E6B7B67}.Release|Any CPU.Build.0 = Release|Any CPU
	EndGlobalSection
	GlobalSection(SolutionProperties) = preSolution
		HideSolutionNode = FALSE
	EndGlobalSection
EndGlobal
